
Microsoft Visual Studio Solution File, Format Version 12.00
# Visual Studio Version 17
VisualStudioVersion = 17.0.32014.148
MinimumVisualStudioVersion = 10.0.40219.1
Project("{9A19103F-16F7-4668-BE54-9A1E7A4F7556}") = "Backend", "Backend\Backend.csproj", "{5050E353-956B-4099-B935-2E373C52FCD2}"
EndProject
Project("{FAE04EC0-301F-11D3-BF4B-00C04F79EFBC}") = "Frontend.Android", "Frontend\Frontend.Android\Frontend.Android.csproj", "{7EB68629-FF15-4609-B759-8DCCAA9467A6}"
EndProject
Project("{9A19103F-16F7-4668-BE54-9A1E7A4F7556}") = "Frontend", "Frontend\Frontend\Frontend.csproj", "{0F846472-ED40-4058-8B2C-605D83E9854D}"
EndProject
Global
	GlobalSection(SolutionConfigurationPlatforms) = preSolution
		Debug|Any CPU = Debug|Any CPU
		Debug|ARM = Debug|ARM
		Debug|iPhone = Debug|iPhone
		Debug|iPhoneSimulator = Debug|iPhoneSimulator
		Debug|x64 = Debug|x64
		Debug|x86 = Debug|x86
		Release|Any CPU = Release|Any CPU
		Release|ARM = Release|ARM
		Release|iPhone = Release|iPhone
		Release|iPhoneSimulator = Release|iPhoneSimulator
		Release|x64 = Release|x64
		Release|x86 = Release|x86
	EndGlobalSection
	GlobalSection(ProjectConfigurationPlatforms) = postSolution
		{5050E353-956B-4099-B935-2E373C52FCD2}.Debug|Any CPU.ActiveCfg = Debug|Any CPU
		{5050E353-956B-4099-B935-2E373C52FCD2}.Debug|Any CPU.Build.0 = Debug|Any CPU
		{5050E353-956B-4099-B935-2E373C52FCD2}.Debug|ARM.ActiveCfg = Debug|Any CPU
		{5050E353-956B-4099-B935-2E373C52FCD2}.Debug|ARM.Build.0 = Debug|Any CPU
		{5050E353-956B-4099-B935-2E373C52FCD2}.Debug|iPhone.ActiveCfg = Debug|Any CPU
		{5050E353-956B-4099-B935-2E373C52FCD2}.Debug|iPhone.Build.0 = Debug|Any CPU
		{5050E353-956B-4099-B935-2E373C52FCD2}.Debug|iPhoneSimulator.ActiveCfg = Debug|Any CPU
		{5050E353-956B-4099-B935-2E373C52FCD2}.Debug|iPhoneSimulator.Build.0 = Debug|Any CPU
		{5050E353-956B-4099-B935-2E373C52FCD2}.Debug|x64.ActiveCfg = Debug|Any CPU
		{5050E353-956B-4099-B935-2E373C52FCD2}.Debug|x64.Build.0 = Debug|Any CPU
		{5050E353-956B-4099-B935-2E373C52FCD2}.Debug|x86.ActiveCfg = Debug|Any CPU
		{5050E353-956B-4099-B935-2E373C52FCD2}.Debug|x86.Build.0 = Debug|Any CPU
		{5050E353-956B-4099-B935-2E373C52FCD2}.Release|Any CPU.ActiveCfg = Release|Any CPU
		{5050E353-956B-4099-B935-2E373C52FCD2}.Release|Any CPU.Build.0 = Release|Any CPU
		{5050E353-956B-4099-B935-2E373C52FCD2}.Release|ARM.ActiveCfg = Release|Any CPU
		{5050E353-956B-4099-B935-2E373C52FCD2}.Release|ARM.Build.0 = Release|Any CPU
		{5050E353-956B-4099-B935-2E373C52FCD2}.Release|iPhone.ActiveCfg = Release|Any CPU
		{5050E353-956B-4099-B935-2E373C52FCD2}.Release|iPhone.Build.0 = Release|Any CPU
		{5050E353-956B-4099-B935-2E373C52FCD2}.Release|iPhoneSimulator.ActiveCfg = Release|Any CPU
		{5050E353-956B-4099-B935-2E373C52FCD2}.Release|iPhoneSimulator.Build.0 = Release|Any CPU
		{5050E353-956B-4099-B935-2E373C52FCD2}.Release|x64.ActiveCfg = Release|Any CPU
		{5050E353-956B-4099-B935-2E373C52FCD2}.Release|x64.Build.0 = Release|Any CPU
		{5050E353-956B-4099-B935-2E373C52FCD2}.Release|x86.ActiveCfg = Release|Any CPU
		{5050E353-956B-4099-B935-2E373C52FCD2}.Release|x86.Build.0 = Release|Any CPU
		{7EB68629-FF15-4609-B759-8DCCAA9467A6}.Debug|Any CPU.ActiveCfg = Debug|Any CPU
		{7EB68629-FF15-4609-B759-8DCCAA9467A6}.Debug|Any CPU.Build.0 = Debug|Any CPU
		{7EB68629-FF15-4609-B759-8DCCAA9467A6}.Debug|Any CPU.Deploy.0 = Debug|Any CPU
		{7EB68629-FF15-4609-B759-8DCCAA9467A6}.Debug|ARM.ActiveCfg = Debug|Any CPU
		{7EB68629-FF15-4609-B759-8DCCAA9467A6}.Debug|ARM.Build.0 = Debug|Any CPU
		{7EB68629-FF15-4609-B759-8DCCAA9467A6}.Debug|ARM.Deploy.0 = Debug|Any CPU
		{7EB68629-FF15-4609-B759-8DCCAA9467A6}.Debug|iPhone.ActiveCfg = Debug|Any CPU
		{7EB68629-FF15-4609-B759-8DCCAA9467A6}.Debug|iPhone.Build.0 = Debug|Any CPU
		{7EB68629-FF15-4609-B759-8DCCAA9467A6}.Debug|iPhone.Deploy.0 = Debug|Any CPU
		{7EB68629-FF15-4609-B759-8DCCAA9467A6}.Debug|iPhoneSimulator.ActiveCfg = Debug|Any CPU
		{7EB68629-FF15-4609-B759-8DCCAA9467A6}.Debug|iPhoneSimulator.Build.0 = Debug|Any CPU
		{7EB68629-FF15-4609-B759-8DCCAA9467A6}.Debug|iPhoneSimulator.Deploy.0 = Debug|Any CPU
		{7EB68629-FF15-4609-B759-8DCCAA9467A6}.Debug|x64.ActiveCfg = Debug|Any CPU
		{7EB68629-FF15-4609-B759-8DCCAA9467A6}.Debug|x64.Build.0 = Debug|Any CPU
		{7EB68629-FF15-4609-B759-8DCCAA9467A6}.Debug|x64.Deploy.0 = Debug|Any CPU
		{7EB68629-FF15-4609-B759-8DCCAA9467A6}.Debug|x86.ActiveCfg = Debug|Any CPU
		{7EB68629-FF15-4609-B759-8DCCAA9467A6}.Debug|x86.Build.0 = Debug|Any CPU
		{7EB68629-FF15-4609-B759-8DCCAA9467A6}.Debug|x86.Deploy.0 = Debug|Any CPU
		{7EB68629-FF15-4609-B759-8DCCAA9467A6}.Release|Any CPU.ActiveCfg = Release|Any CPU
		{7EB68629-FF15-4609-B759-8DCCAA9467A6}.Release|Any CPU.Build.0 = Release|Any CPU
		{7EB68629-FF15-4609-B759-8DCCAA9467A6}.Release|Any CPU.Deploy.0 = Release|Any CPU
		{7EB68629-FF15-4609-B759-8DCCAA9467A6}.Release|ARM.ActiveCfg = Release|Any CPU
		{7EB68629-FF15-4609-B759-8DCCAA9467A6}.Release|ARM.Build.0 = Release|Any CPU
		{7EB68629-FF15-4609-B759-8DCCAA9467A6}.Release|ARM.Deploy.0 = Release|Any CPU
		{7EB68629-FF15-4609-B759-8DCCAA9467A6}.Release|iPhone.ActiveCfg = Release|Any CPU
		{7EB68629-FF15-4609-B759-8DCCAA9467A6}.Release|iPhone.Build.0 = Release|Any CPU
		{7EB68629-FF15-4609-B759-8DCCAA9467A6}.Release|iPhone.Deploy.0 = Release|Any CPU
		{7EB68629-FF15-4609-B759-8DCCAA9467A6}.Release|iPhoneSimulator.ActiveCfg = Release|Any CPU
		{7EB68629-FF15-4609-B759-8DCCAA9467A6}.Release|iPhoneSimulator.Build.0 = Release|Any CPU
		{7EB68629-FF15-4609-B759-8DCCAA9467A6}.Release|iPhoneSimulator.Deploy.0 = Release|Any CPU
		{7EB68629-FF15-4609-B759-8DCCAA9467A6}.Release|x64.ActiveCfg = Release|Any CPU
		{7EB68629-FF15-4609-B759-8DCCAA9467A6}.Release|x64.Build.0 = Release|Any CPU
		{7EB68629-FF15-4609-B759-8DCCAA9467A6}.Release|x64.Deploy.0 = Release|Any CPU
		{7EB68629-FF15-4609-B759-8DCCAA9467A6}.Release|x86.ActiveCfg = Release|Any CPU
		{7EB68629-FF15-4609-B759-8DCCAA9467A6}.Release|x86.Build.0 = Release|Any CPU
		{7EB68629-FF15-4609-B759-8DCCAA9467A6}.Release|x86.Deploy.0 = Release|Any CPU
		{0F846472-ED40-4058-8B2C-605D83E9854D}.Debug|Any CPU.ActiveCfg = Debug|Any CPU
		{0F846472-ED40-4058-8B2C-605D83E9854D}.Debug|Any CPU.Build.0 = Debug|Any CPU
		{0F846472-ED40-4058-8B2C-605D83E9854D}.Debug|ARM.ActiveCfg = Debug|Any CPU
		{0F846472-ED40-4058-8B2C-605D83E9854D}.Debug|ARM.Build.0 = Debug|Any CPU
		{0F846472-ED40-4058-8B2C-605D83E9854D}.Debug|iPhone.ActiveCfg = Debug|Any CPU
		{0F846472-ED40-4058-8B2C-605D83E9854D}.Debug|iPhone.Build.0 = Debug|Any CPU
		{0F846472-ED40-4058-8B2C-605D83E9854D}.Debug|iPhoneSimulator.ActiveCfg = Debug|Any CPU
		{0F846472-ED40-4058-8B2C-605D83E9854D}.Debug|iPhoneSimulator.Build.0 = Debug|Any CPU
		{0F846472-ED40-4058-8B2C-605D83E9854D}.Debug|x64.ActiveCfg = Debug|Any CPU
		{0F846472-ED40-4058-8B2C-605D83E9854D}.Debug|x64.Build.0 = Debug|Any CPU
		{0F846472-ED40-4058-8B2C-605D83E9854D}.Debug|x86.ActiveCfg = Debug|Any CPU
		{0F846472-ED40-4058-8B2C-605D83E9854D}.Debug|x86.Build.0 = Debug|Any CPU
		{0F846472-ED40-4058-8B2C-605D83E9854D}.Release|Any CPU.ActiveCfg = Release|Any CPU
		{0F846472-ED40-4058-8B2C-605D83E9854D}.Release|Any CPU.Build.0 = Release|Any CPU
		{0F846472-ED40-4058-8B2C-605D83E9854D}.Release|ARM.ActiveCfg = Release|Any CPU
		{0F846472-ED40-4058-8B2C-605D83E9854D}.Release|ARM.Build.0 = Release|Any CPU
		{0F846472-ED40-4058-8B2C-605D83E9854D}.Release|iPhone.ActiveCfg = Release|Any CPU
		{0F846472-ED40-4058-8B2C-605D83E9854D}.Release|iPhone.Build.0 = Release|Any CPU
		{0F846472-ED40-4058-8B2C-605D83E9854D}.Release|iPhoneSimulator.ActiveCfg = Release|Any CPU
		{0F846472-ED40-4058-8B2C-605D83E9854D}.Release|iPhoneSimulator.Build.0 = Release|Any CPU
		{0F846472-ED40-4058-8B2C-605D83E9854D}.Release|x64.ActiveCfg = Release|Any CPU
		{0F846472-ED40-4058-8B2C-605D83E9854D}.Release|x64.Build.0 = Release|Any CPU
		{0F846472-ED40-4058-8B2C-605D83E9854D}.Release|x86.ActiveCfg = Release|Any CPU
		{0F846472-ED40-4058-8B2C-605D83E9854D}.Release|x86.Build.0 = Release|Any CPU
	EndGlobalSection
	GlobalSection(SolutionProperties) = preSolution
		HideSolutionNode = FALSE
	EndGlobalSection
	GlobalSection(ExtensibilityGlobals) = postSolution
		SolutionGuid = {DD742E41-AB3B-4DD9-99D7-5C56E2C214AE}
	EndGlobalSection
EndGlobal
